
Microsoft Visual Studio Solution File, Format Version 12.00
# Visual Studio Version 16
VisualStudioVersion = 16.0.30225.117
MinimumVisualStudioVersion = 10.0.40219.1
Project("{FAE04EC0-301F-11D3-BF4B-00C04F79EFBC}") = "SpaManager", "SpaManager\SpaManager.csproj", "{DE9CB681-7687-4534-BB4D-64E20C4DA627}"
EndProject
Project("{FAE04EC0-301F-11D3-BF4B-00C04F79EFBC}") = "DTO", "DTO\DTO.csproj", "{43199834-0968-4C2D-8D74-124D5593F897}"
EndProject
Global
	GlobalSection(SolutionConfigurationPlatforms) = preSolution
		Debug|Any CPU = Debug|Any CPU
		Release|Any CPU = Release|Any CPU
	EndGlobalSection
	GlobalSection(ProjectConfigurationPlatforms) = postSolution
		{DE9CB681-7687-4534-BB4D-64E20C4DA627}.Debug|Any CPU.ActiveCfg = Debug|Any CPU
		{DE9CB681-7687-4534-BB4D-64E20C4DA627}.Debug|Any CPU.Build.0 = Debug|Any CPU
		{DE9CB681-7687-4534-BB4D-64E20C4DA627}.Release|Any CPU.ActiveCfg = Release|Any CPU
		{DE9CB681-7687-4534-BB4D-64E20C4DA627}.Release|Any CPU.Build.0 = Release|Any CPU
		{43199834-0968-4C2D-8D74-124D5593F897}.Debug|Any CPU.ActiveCfg = Debug|Any CPU
		{43199834-0968-4C2D-8D74-124D5593F897}.Debug|Any CPU.Build.0 = Debug|Any CPU
		{43199834-0968-4C2D-8D74-124D5593F897}.Release|Any CPU.ActiveCfg = Release|Any CPU
		{43199834-0968-4C2D-8D74-124D5593F897}.Release|Any CPU.Build.0 = Release|Any CPU
	EndGlobalSection
	GlobalSection(SolutionProperties) = preSolution
		HideSolutionNode = FALSE
	EndGlobalSection
	GlobalSection(ExtensibilityGlobals) = postSolution
		SolutionGuid = {285DC976-8543-4BC0-9DF6-7D495BC7D02D}
	EndGlobalSection
EndGlobal
